<Solution>
  <Configurations>
    <BuildType Name="Debug" />
    <BuildType Name="Release" />
    <Platform Name="x64" />
  </Configurations>
  <Project Path="src/Pacecar.Core/Pacecar.Core.vcxproj" />
  <Project Path="src/Pacecar.Overlay/Pacecar.Overlay.vcxproj" />
  <Project Path="src/Pacecar.App.Tests/Pacecar.App.Tests.vcxproj" />
</Solution>